// !$*UTF8*$!
{
	archiveVersion = 1;
	classes = {
	};
	objectVersion = 55;
	objects = {

/* Begin PBXBuildFile section */
		27091ABB2A62F4E90013AD48 /* LineGraphView.swift in Sources */ = {isa = PBXBuildFile; fileRef = 27091ABA2A62F4E90013AD48 /* LineGraphView.swift */; };
		27196E0028AEA131003F47D8 /* HydrometerApp.swift in Sources */ = {isa = PBXBuildFile; fileRef = 27196DFF28AEA131003F47D8 /* HydrometerApp.swift */; };
		27196E0228AEA131003F47D8 /* ContentView.swift in Sources */ = {isa = PBXBuildFile; fileRef = 27196E0128AEA131003F47D8 /* ContentView.swift */; };
		27196E0428AEA132003F47D8 /* Assets.xcassets in Resources */ = {isa = PBXBuildFile; fileRef = 27196E0328AEA132003F47D8 /* Assets.xcassets */; };
		27196E0728AEA132003F47D8 /* Preview Assets.xcassets in Resources */ = {isa = PBXBuildFile; fileRef = 27196E0628AEA132003F47D8 /* Preview Assets.xcassets */; };
		27196E1F28B16423003F47D8 /* HydrometerService.swift in Sources */ = {isa = PBXBuildFile; fileRef = 27196E1E28B16423003F47D8 /* HydrometerService.swift */; };
		27196E2128B19973003F47D8 /* LogFileException.swift in Sources */ = {isa = PBXBuildFile; fileRef = 27196E2028B19973003F47D8 /* LogFileException.swift */; };
		274E3E642994364B0038CB18 /* LocationSensor.swift in Sources */ = {isa = PBXBuildFile; fileRef = 274E3E632994364B0038CB18 /* LocationSensor.swift */; };
		2772D98629D8A70D0008E4F3 /* HydrometerState.swift in Sources */ = {isa = PBXBuildFile; fileRef = 2772D98529D8A70D0008E4F3 /* HydrometerState.swift */; };
/* End PBXBuildFile section */

/* Begin PBXFileReference section */
		27091ABA2A62F4E90013AD48 /* LineGraphView.swift */ = {isa = PBXFileReference; fileEncoding = 4; lastKnownFileType = sourcecode.swift; name = LineGraphView.swift; path = ../../SimpleSwiftCharts/LineGraphView.swift; sourceTree = "<group>"; };
		27196DFC28AEA131003F47D8 /* Hydrometer.app */ = {isa = PBXFileReference; explicitFileType = wrapper.application; includeInIndex = 0; path = Hydrometer.app; sourceTree = BUILT_PRODUCTS_DIR; };
		27196DFF28AEA131003F47D8 /* HydrometerApp.swift */ = {isa = PBXFileReference; lastKnownFileType = sourcecode.swift; path = HydrometerApp.swift; sourceTree = "<group>"; };
		27196E0128AEA131003F47D8 /* ContentView.swift */ = {isa = PBXFileReference; lastKnownFileType = sourcecode.swift; path = ContentView.swift; sourceTree = "<group>"; };
		27196E0328AEA132003F47D8 /* Assets.xcassets */ = {isa = PBXFileReference; lastKnownFileType = folder.assetcatalog; path = Assets.xcassets; sourceTree = "<group>"; };
		27196E0628AEA132003F47D8 /* Preview Assets.xcassets */ = {isa = PBXFileReference; lastKnownFileType = folder.assetcatalog; path = "Preview Assets.xcassets"; sourceTree = "<group>"; };
		27196E1128AEC3CE003F47D8 /* Info.plist */ = {isa = PBXFileReference; fileEncoding = 4; lastKnownFileType = text.plist.xml; path = Info.plist; sourceTree = "<group>"; };
		27196E1328AECF9D003F47D8 /* Hydrometer.entitlements */ = {isa = PBXFileReference; lastKnownFileType = text.plist.entitlements; path = Hydrometer.entitlements; sourceTree = "<group>"; };
		27196E1E28B16423003F47D8 /* HydrometerService.swift */ = {isa = PBXFileReference; fileEncoding = 4; lastKnownFileType = sourcecode.swift; name = HydrometerService.swift; path = ../../LibBluetooth/mac/Source_Swift/HydrometerService.swift; sourceTree = "<group>"; };
		27196E2028B19973003F47D8 /* LogFileException.swift */ = {isa = PBXFileReference; lastKnownFileType = sourcecode.swift; path = LogFileException.swift; sourceTree = "<group>"; };
		274E3E632994364B0038CB18 /* LocationSensor.swift */ = {isa = PBXFileReference; lastKnownFileType = sourcecode.swift; path = LocationSensor.swift; sourceTree = "<group>"; };
		2772D98529D8A70D0008E4F3 /* HydrometerState.swift */ = {isa = PBXFileReference; lastKnownFileType = sourcecode.swift; path = HydrometerState.swift; sourceTree = "<group>"; };
/* End PBXFileReference section */

/* Begin PBXFrameworksBuildPhase section */
		27196DF928AEA131003F47D8 /* Frameworks */ = {
			isa = PBXFrameworksBuildPhase;
			buildActionMask = 2147483647;
			files = (
			);
			runOnlyForDeploymentPostprocessing = 0;
		};
/* End PBXFrameworksBuildPhase section */

/* Begin PBXGroup section */
		27196DF328AEA131003F47D8 = {
			isa = PBXGroup;
			children = (
				27196DFE28AEA131003F47D8 /* Hydrometer */,
				27196DFD28AEA131003F47D8 /* Products */,
			);
			sourceTree = "<group>";
		};
		27196DFD28AEA131003F47D8 /* Products */ = {
			isa = PBXGroup;
			children = (
				27196DFC28AEA131003F47D8 /* Hydrometer.app */,
			);
			name = Products;
			sourceTree = "<group>";
		};
		27196DFE28AEA131003F47D8 /* Hydrometer */ = {
			isa = PBXGroup;
			children = (
				27196E1328AECF9D003F47D8 /* Hydrometer.entitlements */,
				27196E1128AEC3CE003F47D8 /* Info.plist */,
				27196E0128AEA131003F47D8 /* ContentView.swift */,
				27196DFF28AEA131003F47D8 /* HydrometerApp.swift */,
				27196E1E28B16423003F47D8 /* HydrometerService.swift */,
				2772D98529D8A70D0008E4F3 /* HydrometerState.swift */,
				27091ABA2A62F4E90013AD48 /* LineGraphView.swift */,
				274E3E632994364B0038CB18 /* LocationSensor.swift */,
				27196E2028B19973003F47D8 /* LogFileException.swift */,
				27196E0328AEA132003F47D8 /* Assets.xcassets */,
				27196E0528AEA132003F47D8 /* Preview Content */,
			);
			path = Hydrometer;
			sourceTree = "<group>";
		};
		27196E0528AEA132003F47D8 /* Preview Content */ = {
			isa = PBXGroup;
			children = (
				27196E0628AEA132003F47D8 /* Preview Assets.xcassets */,
			);
			path = "Preview Content";
			sourceTree = "<group>";
		};
/* End PBXGroup section */

/* Begin PBXNativeTarget section */
		27196DFB28AEA131003F47D8 /* Hydrometer */ = {
			isa = PBXNativeTarget;
			buildConfigurationList = 27196E0A28AEA132003F47D8 /* Build configuration list for PBXNativeTarget "Hydrometer" */;
			buildPhases = (
				27196DF828AEA131003F47D8 /* Sources */,
				27196DF928AEA131003F47D8 /* Frameworks */,
				27196DFA28AEA131003F47D8 /* Resources */,
			);
			buildRules = (
			);
			dependencies = (
			);
			name = Hydrometer;
			productName = Hydrometer;
			productReference = 27196DFC28AEA131003F47D8 /* Hydrometer.app */;
			productType = "com.apple.product-type.application";
		};
/* End PBXNativeTarget section */

/* Begin PBXProject section */
		27196DF428AEA131003F47D8 /* Project object */ = {
			isa = PBXProject;
			attributes = {
				BuildIndependentTargetsInParallel = 1;
				LastSwiftUpdateCheck = 1340;
				LastUpgradeCheck = 1340;
				TargetAttributes = {
					27196DFB28AEA131003F47D8 = {
						CreatedOnToolsVersion = 13.4.1;
					};
				};
			};
			buildConfigurationList = 27196DF728AEA131003F47D8 /* Build configuration list for PBXProject "Hydrometer" */;
			compatibilityVersion = "Xcode 13.0";
			developmentRegion = en;
			hasScannedForEncodings = 0;
			knownRegions = (
				en,
				Base,
			);
			mainGroup = 27196DF328AEA131003F47D8;
			productRefGroup = 27196DFD28AEA131003F47D8 /* Products */;
			projectDirPath = "";
			projectRoot = "";
			targets = (
				27196DFB28AEA131003F47D8 /* Hydrometer */,
			);
		};
/* End PBXProject section */

/* Begin PBXResourcesBuildPhase section */
		27196DFA28AEA131003F47D8 /* Resources */ = {
			isa = PBXResourcesBuildPhase;
			buildActionMask = 2147483647;
			files = (
				27196E0728AEA132003F47D8 /* Preview Assets.xcassets in Resources */,
				27196E0428AEA132003F47D8 /* Assets.xcassets in Resources */,
			);
			runOnlyForDeploymentPostprocessing = 0;
		};
/* End PBXResourcesBuildPhase section */

/* Begin PBXSourcesBuildPhase section */
		27196DF828AEA131003F47D8 /* Sources */ = {
			isa = PBXSourcesBuildPhase;
			buildActionMask = 2147483647;
			files = (
				27196E1F28B16423003F47D8 /* HydrometerService.swift in Sources */,
				2772D98629D8A70D0008E4F3 /* HydrometerState.swift in Sources */,
				274E3E642994364B0038CB18 /* LocationSensor.swift in Sources */,
				27196E0228AEA131003F47D8 /* ContentView.swift in Sources */,
				27196E2128B19973003F47D8 /* LogFileException.swift in Sources */,
				27196E0028AEA131003F47D8 /* HydrometerApp.swift in Sources */,
				27091ABB2A62F4E90013AD48 /* LineGraphView.swift in Sources */,
			);
			runOnlyForDeploymentPostprocessing = 0;
		};
/* End PBXSourcesBuildPhase section */

/* Begin XCBuildConfiguration section */
		27196E0828AEA132003F47D8 /* Debug */ = {
			isa = XCBuildConfiguration;
			buildSettings = {
				ALWAYS_SEARCH_USER_PATHS = NO;
				CLANG_ANALYZER_NONNULL = YES;
				CLANG_ANALYZER_NUMBER_OBJECT_CONVERSION = YES_AGGRESSIVE;
				CLANG_CXX_LANGUAGE_STANDARD = "gnu++17";
				CLANG_ENABLE_MODULES = YES;
				CLANG_ENABLE_OBJC_ARC = YES;
				CLANG_ENABLE_OBJC_WEAK = YES;
				CLANG_WARN_BLOCK_CAPTURE_AUTORELEASING = YES;
				CLANG_WARN_BOOL_CONVERSION = YES;
				CLANG_WARN_COMMA = YES;
				CLANG_WARN_CONSTANT_CONVERSION = YES;
				CLANG_WARN_DEPRECATED_OBJC_IMPLEMENTATIONS = YES;
				CLANG_WARN_DIRECT_OBJC_ISA_USAGE = YES_ERROR;
				CLANG_WARN_DOCUMENTATION_COMMENTS = YES;
				CLANG_WARN_EMPTY_BODY = YES;
				CLANG_WARN_ENUM_CONVERSION = YES;
				CLANG_WARN_INFINITE_RECURSION = YES;
				CLANG_WARN_INT_CONVERSION = YES;
				CLANG_WARN_NON_LITERAL_NULL_CONVERSION = YES;
				CLANG_WARN_OBJC_IMPLICIT_RETAIN_SELF = YES;
				CLANG_WARN_OBJC_LITERAL_CONVERSION = YES;
				CLANG_WARN_OBJC_ROOT_CLASS = YES_ERROR;
				CLANG_WARN_QUOTED_INCLUDE_IN_FRAMEWORK_HEADER = YES;
				CLANG_WARN_RANGE_LOOP_ANALYSIS = YES;
				CLANG_WARN_STRICT_PROTOTYPES = YES;
				CLANG_WARN_SUSPICIOUS_MOVE = YES;
				CLANG_WARN_UNGUARDED_AVAILABILITY = YES_AGGRESSIVE;
				CLANG_WARN_UNREACHABLE_CODE = YES;
				CLANG_WARN__DUPLICATE_METHOD_MATCH = YES;
				COPY_PHASE_STRIP = NO;
				DEBUG_INFORMATION_FORMAT = dwarf;
				ENABLE_STRICT_OBJC_MSGSEND = YES;
				ENABLE_TESTABILITY = YES;
				GCC_C_LANGUAGE_STANDARD = gnu11;
				GCC_DYNAMIC_NO_PIC = NO;
				GCC_NO_COMMON_BLOCKS = YES;
				GCC_OPTIMIZATION_LEVEL = 0;
				GCC_PREPROCESSOR_DEFINITIONS = (
					"DEBUG=1",
					"$(inherited)",
				);
				GCC_WARN_64_TO_32_BIT_CONVERSION = YES;
				GCC_WARN_ABOUT_RETURN_TYPE = YES_ERROR;
				GCC_WARN_UNDECLARED_SELECTOR = YES;
				GCC_WARN_UNINITIALIZED_AUTOS = YES_AGGRESSIVE;
				GCC_WARN_UNUSED_FUNCTION = YES;
				GCC_WARN_UNUSED_VARIABLE = YES;
				IPHONEOS_DEPLOYMENT_TARGET = 16.0;
				MTL_ENABLE_DEBUG_INFO = INCLUDE_SOURCE;
				MTL_FAST_MATH = YES;
				ONLY_ACTIVE_ARCH = YES;
				SDKROOT = iphoneos;
				SWIFT_ACTIVE_COMPILATION_CONDITIONS = DEBUG;
				SWIFT_OPTIMIZATION_LEVEL = "-Onone";
			};
			name = Debug;
		};
		27196E0928AEA132003F47D8 /* Release */ = {
			isa = XCBuildConfiguration;
			buildSettings = {
				ALWAYS_SEARCH_USER_PATHS = NO;
				CLANG_ANALYZER_NONNULL = YES;
				CLANG_ANALYZER_NUMBER_OBJECT_CONVERSION = YES_AGGRESSIVE;
				CLANG_CXX_LANGUAGE_STANDARD = "gnu++17";
				CLANG_ENABLE_MODULES = YES;
				CLANG_ENABLE_OBJC_ARC = YES;
				CLANG_ENABLE_OBJC_WEAK = YES;
				CLANG_WARN_BLOCK_CAPTURE_AUTORELEASING = YES;
				CLANG_WARN_BOOL_CONVERSION = YES;
				CLANG_WARN_COMMA = YES;
				CLANG_WARN_CONSTANT_CONVERSION = YES;
				CLANG_WARN_DEPRECATED_OBJC_IMPLEMENTATIONS = YES;
				CLANG_WARN_DIRECT_OBJC_ISA_USAGE = YES_ERROR;
				CLANG_WARN_DOCUMENTATION_COMMENTS = YES;
				CLANG_WARN_EMPTY_BODY = YES;
				CLANG_WARN_ENUM_CONVERSION = YES;
				CLANG_WARN_INFINITE_RECURSION = YES;
				CLANG_WARN_INT_CONVERSION = YES;
				CLANG_WARN_NON_LITERAL_NULL_CONVERSION = YES;
				CLANG_WARN_OBJC_IMPLICIT_RETAIN_SELF = YES;
				CLANG_WARN_OBJC_LITERAL_CONVERSION = YES;
				CLANG_WARN_OBJC_ROOT_CLASS = YES_ERROR;
				CLANG_WARN_QUOTED_INCLUDE_IN_FRAMEWORK_HEADER = YES;
				CLANG_WARN_RANGE_LOOP_ANALYSIS = YES;
				CLANG_WARN_STRICT_PROTOTYPES = YES;
				CLANG_WARN_SUSPICIOUS_MOVE = YES;
				CLANG_WARN_UNGUARDED_AVAILABILITY = YES_AGGRESSIVE;
				CLANG_WARN_UNREACHABLE_CODE = YES;
				CLANG_WARN__DUPLICATE_METHOD_MATCH = YES;
				COPY_PHASE_STRIP = NO;
				DEBUG_INFORMATION_FORMAT = "dwarf-with-dsym";
				ENABLE_NS_ASSERTIONS = NO;
				ENABLE_STRICT_OBJC_MSGSEND = YES;
				GCC_C_LANGUAGE_STANDARD = gnu11;
				GCC_NO_COMMON_BLOCKS = YES;
				GCC_WARN_64_TO_32_BIT_CONVERSION = YES;
				GCC_WARN_ABOUT_RETURN_TYPE = YES_ERROR;
				GCC_WARN_UNDECLARED_SELECTOR = YES;
				GCC_WARN_UNINITIALIZED_AUTOS = YES_AGGRESSIVE;
				GCC_WARN_UNUSED_FUNCTION = YES;
				GCC_WARN_UNUSED_VARIABLE = YES;
				IPHONEOS_DEPLOYMENT_TARGET = 16.0;
				MTL_ENABLE_DEBUG_INFO = NO;
				MTL_FAST_MATH = YES;
				SDKROOT = iphoneos;
				SWIFT_COMPILATION_MODE = wholemodule;
				SWIFT_OPTIMIZATION_LEVEL = "-O";
				VALIDATE_PRODUCT = YES;
			};
			name = Release;
		};
		27196E0B28AEA132003F47D8 /* Debug */ = {
			isa = XCBuildConfiguration;
			buildSettings = {
				ASSETCATALOG_COMPILER_APPICON_NAME = AppIcon;
				ASSETCATALOG_COMPILER_GLOBAL_ACCENT_COLOR_NAME = AccentColor;
				CODE_SIGN_ENTITLEMENTS = Hydrometer/Hydrometer.entitlements;
				CODE_SIGN_STYLE = Automatic;
				CURRENT_PROJECT_VERSION = 2;
				DEVELOPMENT_ASSET_PATHS = "\"Hydrometer/Preview Content\"";
				DEVELOPMENT_TEAM = F42C985T48;
				ENABLE_PREVIEWS = YES;
				GENERATE_INFOPLIST_FILE = YES;
				INFOPLIST_FILE = Hydrometer/Info.plist;
				INFOPLIST_KEY_LSApplicationCategoryType = "public.app-category.utilities";
				INFOPLIST_KEY_NSBluetoothAlwaysUsageDescription = "App uses continued access to Bluetooth to communicate with the hydrometer.";
				INFOPLIST_KEY_NSBluetoothPeripheralUsageDescription = "App uses Bluetooth to communicate with the hydrometer.";
				INFOPLIST_KEY_UIApplicationSceneManifest_Generation = YES;
				INFOPLIST_KEY_UIApplicationSupportsIndirectInputEvents = YES;
				INFOPLIST_KEY_UILaunchScreen_Generation = YES;
				INFOPLIST_KEY_UISupportedInterfaceOrientations = "UIInterfaceOrientationLandscapeLeft UIInterfaceOrientationLandscapeRight UIInterfaceOrientationPortrait UIInterfaceOrientationPortraitUpsideDown";
				IPHONEOS_DEPLOYMENT_TARGET = 16.0;
				LD_RUNPATH_SEARCH_PATHS = (
					"$(inherited)",
					"@executable_path/Frameworks",
				);
				MARKETING_VERSION = 1.0;
				PRODUCT_BUNDLE_IDENTIFIER = "com.mjs-software.Hydrometer";
				PRODUCT_NAME = "$(TARGET_NAME)";
				SWIFT_EMIT_LOC_STRINGS = YES;
				SWIFT_VERSION = 5.0;
				TARGETED_DEVICE_FAMILY = "1,2";
			};
			name = Debug;
		};
		27196E0C28AEA132003F47D8 /* Release */ = {
			isa = XCBuildConfiguration;
			buildSettings = {
				ASSETCATALOG_COMPILER_APPICON_NAME = AppIcon;
				ASSETCATALOG_COMPILER_GLOBAL_ACCENT_COLOR_NAME = AccentColor;
				CODE_SIGN_ENTITLEMENTS = Hydrometer/Hydrometer.entitlements;
				CODE_SIGN_STYLE = Automatic;
				CURRENT_PROJECT_VERSION = 2;
				DEVELOPMENT_ASSET_PATHS = "\"Hydrometer/Preview Content\"";
				DEVELOPMENT_TEAM = F42C985T48;
				ENABLE_PREVIEWS = YES;
				GENERATE_INFOPLIST_FILE = YES;
				INFOPLIST_FILE = Hydrometer/Info.plist;
				INFOPLIST_KEY_LSApplicationCategoryType = "public.app-category.utilities";
				INFOPLIST_KEY_NSBluetoothAlwaysUsageDescription = "App uses continued access to Bluetooth to communicate with the hydrometer.";
				INFOPLIST_KEY_NSBluetoothPeripheralUsageDescription = "App uses Bluetooth to communicate with the hydrometer.";
				INFOPLIST_KEY_UIApplicationSceneManifest_Generation = YES;
				INFOPLIST_KEY_UIApplicationSupportsIndirectInputEvents = YES;
				INFOPLIST_KEY_UILaunchScreen_Generation = YES;
				INFOPLIST_KEY_UISupportedInterfaceOrientations = "UIInterfaceOrientationLandscapeLeft UIInterfaceOrientationLandscapeRight UIInterfaceOrientationPortrait UIInterfaceOrientationPortraitUpsideDown";
				IPHONEOS_DEPLOYMENT_TARGET = 16.0;
				LD_RUNPATH_SEARCH_PATHS = (
					"$(inherited)",
					"@executable_path/Frameworks",
				);
				MARKETING_VERSION = 1.0;
				PRODUCT_BUNDLE_IDENTIFIER = "com.mjs-software.Hydrometer";
				PRODUCT_NAME = "$(TARGET_NAME)";
				SWIFT_EMIT_LOC_STRINGS = YES;
				SWIFT_VERSION = 5.0;
				TARGETED_DEVICE_FAMILY = "1,2";
			};
			name = Release;
		};
/* End XCBuildConfiguration section */

/* Begin XCConfigurationList section */
		27196DF728AEA131003F47D8 /* Build configuration list for PBXProject "Hydrometer" */ = {
			isa = XCConfigurationList;
			buildConfigurations = (
				27196E0828AEA132003F47D8 /* Debug */,
				27196E0928AEA132003F47D8 /* Release */,
			);
			defaultConfigurationIsVisible = 0;
			defaultConfigurationName = Release;
		};
		27196E0A28AEA132003F47D8 /* Build configuration list for PBXNativeTarget "Hydrometer" */ = {
			isa = XCConfigurationList;
			buildConfigurations = (
				27196E0B28AEA132003F47D8 /* Debug */,
				27196E0C28AEA132003F47D8 /* Release */,
			);
			defaultConfigurationIsVisible = 0;
			defaultConfigurationName = Release;
		};
/* End XCConfigurationList section */
	};
	rootObject = 27196DF428AEA131003F47D8 /* Project object */;
}
